// !$*UTF8*$!
{
	archiveVersion = 1;
	classes = {
	};
	objectVersion = 50;
	objects = {

/* Begin PBXBuildFile section */
		18C1041823FD4EEA00CD4F64 /* AppDelegate.swift in Sources */ = {isa = PBXBuildFile; fileRef = 18C1041723FD4EEA00CD4F64 /* AppDelegate.swift */; };
		18C1041A23FD4EEA00CD4F64 /* SceneDelegate.swift in Sources */ = {isa = PBXBuildFile; fileRef = 18C1041923FD4EEA00CD4F64 /* SceneDelegate.swift */; };
		18C1041C23FD4EEA00CD4F64 /* ViewController.swift in Sources */ = {isa = PBXBuildFile; fileRef = 18C1041B23FD4EEA00CD4F64 /* ViewController.swift */; };
		18C1041F23FD4EEA00CD4F64 /* Main.storyboard in Resources */ = {isa = PBXBuildFile; fileRef = 18C1041D23FD4EEA00CD4F64 /* Main.storyboard */; };
		18C1042223FD4EEA00CD4F64 /* SwipeModelPOC.xcdatamodeld in Sources */ = {isa = PBXBuildFile; fileRef = 18C1042023FD4EEA00CD4F64 /* SwipeModelPOC.xcdatamodeld */; };
		18C1042423FD4EEE00CD4F64 /* Assets.xcassets in Resources */ = {isa = PBXBuildFile; fileRef = 18C1042323FD4EEE00CD4F64 /* Assets.xcassets */; };
		18C1042723FD4EEE00CD4F64 /* LaunchScreen.storyboard in Resources */ = {isa = PBXBuildFile; fileRef = 18C1042523FD4EEE00CD4F64 /* LaunchScreen.storyboard */; };
		18C1043223FD4EEE00CD4F64 /* SwipeModelPOCTests.swift in Sources */ = {isa = PBXBuildFile; fileRef = 18C1043123FD4EEE00CD4F64 /* SwipeModelPOCTests.swift */; };
		18C1043D23FD4EEE00CD4F64 /* SwipeModelPOCUITests.swift in Sources */ = {isa = PBXBuildFile; fileRef = 18C1043C23FD4EEE00CD4F64 /* SwipeModelPOCUITests.swift */; };
/* End PBXBuildFile section */

/* Begin PBXContainerItemProxy section */
		18C1042E23FD4EEE00CD4F64 /* PBXContainerItemProxy */ = {
			isa = PBXContainerItemProxy;
			containerPortal = 18C1040C23FD4EEA00CD4F64 /* Project object */;
			proxyType = 1;
			remoteGlobalIDString = 18C1041323FD4EEA00CD4F64;
			remoteInfo = SwipeModelPOC;
		};
		18C1043923FD4EEE00CD4F64 /* PBXContainerItemProxy */ = {
			isa = PBXContainerItemProxy;
			containerPortal = 18C1040C23FD4EEA00CD4F64 /* Project object */;
			proxyType = 1;
			remoteGlobalIDString = 18C1041323FD4EEA00CD4F64;
			remoteInfo = SwipeModelPOC;
		};
/* End PBXContainerItemProxy section */

/* Begin PBXFileReference section */
		18C1041423FD4EEA00CD4F64 /* SwipeModelPOC.app */ = {isa = PBXFileReference; explicitFileType = wrapper.application; includeInIndex = 0; path = SwipeModelPOC.app; sourceTree = BUILT_PRODUCTS_DIR; };
		18C1041723FD4EEA00CD4F64 /* AppDelegate.swift */ = {isa = PBXFileReference; lastKnownFileType = sourcecode.swift; path = AppDelegate.swift; sourceTree = "<group>"; };
		18C1041923FD4EEA00CD4F64 /* SceneDelegate.swift */ = {isa = PBXFileReference; lastKnownFileType = sourcecode.swift; path = SceneDelegate.swift; sourceTree = "<group>"; };
		18C1041B23FD4EEA00CD4F64 /* ViewController.swift */ = {isa = PBXFileReference; lastKnownFileType = sourcecode.swift; path = ViewController.swift; sourceTree = "<group>"; };
		18C1041E23FD4EEA00CD4F64 /* Base */ = {isa = PBXFileReference; lastKnownFileType = file.storyboard; name = Base; path = Base.lproj/Main.storyboard; sourceTree = "<group>"; };
		18C1042123FD4EEA00CD4F64 /* SwipeModelPOC.xcdatamodel */ = {isa = PBXFileReference; lastKnownFileType = wrapper.xcdatamodel; path = SwipeModelPOC.xcdatamodel; sourceTree = "<group>"; };
		18C1042323FD4EEE00CD4F64 /* Assets.xcassets */ = {isa = PBXFileReference; lastKnownFileType = folder.assetcatalog; path = Assets.xcassets; sourceTree = "<group>"; };
		18C1042623FD4EEE00CD4F64 /* Base */ = {isa = PBXFileReference; lastKnownFileType = file.storyboard; name = Base; path = Base.lproj/LaunchScreen.storyboard; sourceTree = "<group>"; };
		18C1042823FD4EEE00CD4F64 /* Info.plist */ = {isa = PBXFileReference; lastKnownFileType = text.plist.xml; path = Info.plist; sourceTree = "<group>"; };
		18C1042D23FD4EEE00CD4F64 /* SwipeModelPOCTests.xctest */ = {isa = PBXFileReference; explicitFileType = wrapper.cfbundle; includeInIndex = 0; path = SwipeModelPOCTests.xctest; sourceTree = BUILT_PRODUCTS_DIR; };
		18C1043123FD4EEE00CD4F64 /* SwipeModelPOCTests.swift */ = {isa = PBXFileReference; lastKnownFileType = sourcecode.swift; path = SwipeModelPOCTests.swift; sourceTree = "<group>"; };
		18C1043323FD4EEE00CD4F64 /* Info.plist */ = {isa = PBXFileReference; lastKnownFileType = text.plist.xml; path = Info.plist; sourceTree = "<group>"; };
		18C1043823FD4EEE00CD4F64 /* SwipeModelPOCUITests.xctest */ = {isa = PBXFileReference; explicitFileType = wrapper.cfbundle; includeInIndex = 0; path = SwipeModelPOCUITests.xctest; sourceTree = BUILT_PRODUCTS_DIR; };
		18C1043C23FD4EEE00CD4F64 /* SwipeModelPOCUITests.swift */ = {isa = PBXFileReference; lastKnownFileType = sourcecode.swift; path = SwipeModelPOCUITests.swift; sourceTree = "<group>"; };
		18C1043E23FD4EEE00CD4F64 /* Info.plist */ = {isa = PBXFileReference; lastKnownFileType = text.plist.xml; path = Info.plist; sourceTree = "<group>"; };
/* End PBXFileReference section */

/* Begin PBXFrameworksBuildPhase section */
		18C1041123FD4EEA00CD4F64 /* Frameworks */ = {
			isa = PBXFrameworksBuildPhase;
			buildActionMask = 2147483647;
			files = (
			);
			runOnlyForDeploymentPostprocessing = 0;
		};
		18C1042A23FD4EEE00CD4F64 /* Frameworks */ = {
			isa = PBXFrameworksBuildPhase;
			buildActionMask = 2147483647;
			files = (
			);
			runOnlyForDeploymentPostprocessing = 0;
		};
		18C1043523FD4EEE00CD4F64 /* Frameworks */ = {
			isa = PBXFrameworksBuildPhase;
			buildActionMask = 2147483647;
			files = (
			);
			runOnlyForDeploymentPostprocessing = 0;
		};
/* End PBXFrameworksBuildPhase section */

/* Begin PBXGroup section */
		18C1040B23FD4EEA00CD4F64 = {
			isa = PBXGroup;
			children = (
				18C1041623FD4EEA00CD4F64 /* SwipeModelPOC */,
				18C1043023FD4EEE00CD4F64 /* SwipeModelPOCTests */,
				18C1043B23FD4EEE00CD4F64 /* SwipeModelPOCUITests */,
				18C1041523FD4EEA00CD4F64 /* Products */,
			);
			sourceTree = "<group>";
		};
		18C1041523FD4EEA00CD4F64 /* Products */ = {
			isa = PBXGroup;
			children = (
				18C1041423FD4EEA00CD4F64 /* SwipeModelPOC.app */,
				18C1042D23FD4EEE00CD4F64 /* SwipeModelPOCTests.xctest */,
				18C1043823FD4EEE00CD4F64 /* SwipeModelPOCUITests.xctest */,
			);
			name = Products;
			sourceTree = "<group>";
		};
		18C1041623FD4EEA00CD4F64 /* SwipeModelPOC */ = {
			isa = PBXGroup;
			children = (
				18C1041723FD4EEA00CD4F64 /* AppDelegate.swift */,
				18C1041923FD4EEA00CD4F64 /* SceneDelegate.swift */,
				18C1041B23FD4EEA00CD4F64 /* ViewController.swift */,
				18C1041D23FD4EEA00CD4F64 /* Main.storyboard */,
				18C1042323FD4EEE00CD4F64 /* Assets.xcassets */,
				18C1042523FD4EEE00CD4F64 /* LaunchScreen.storyboard */,
				18C1042823FD4EEE00CD4F64 /* Info.plist */,
				18C1042023FD4EEA00CD4F64 /* SwipeModelPOC.xcdatamodeld */,
			);
			path = SwipeModelPOC;
			sourceTree = "<group>";
		};
		18C1043023FD4EEE00CD4F64 /* SwipeModelPOCTests */ = {
			isa = PBXGroup;
			children = (
				18C1043123FD4EEE00CD4F64 /* SwipeModelPOCTests.swift */,
				18C1043323FD4EEE00CD4F64 /* Info.plist */,
			);
			path = SwipeModelPOCTests;
			sourceTree = "<group>";
		};
		18C1043B23FD4EEE00CD4F64 /* SwipeModelPOCUITests */ = {
			isa = PBXGroup;
			children = (
				18C1043C23FD4EEE00CD4F64 /* SwipeModelPOCUITests.swift */,
				18C1043E23FD4EEE00CD4F64 /* Info.plist */,
			);
			path = SwipeModelPOCUITests;
			sourceTree = "<group>";
		};
/* End PBXGroup section */

/* Begin PBXNativeTarget section */
		18C1041323FD4EEA00CD4F64 /* SwipeModelPOC */ = {
			isa = PBXNativeTarget;
			buildConfigurationList = 18C1044123FD4EEE00CD4F64 /* Build configuration list for PBXNativeTarget "SwipeModelPOC" */;
			buildPhases = (
				18C1041023FD4EEA00CD4F64 /* Sources */,
				18C1041123FD4EEA00CD4F64 /* Frameworks */,
				18C1041223FD4EEA00CD4F64 /* Resources */,
			);
			buildRules = (
			);
			dependencies = (
			);
			name = SwipeModelPOC;
			productName = SwipeModelPOC;
			productReference = 18C1041423FD4EEA00CD4F64 /* SwipeModelPOC.app */;
			productType = "com.apple.product-type.application";
		};
		18C1042C23FD4EEE00CD4F64 /* SwipeModelPOCTests */ = {
			isa = PBXNativeTarget;
			buildConfigurationList = 18C1044423FD4EEE00CD4F64 /* Build configuration list for PBXNativeTarget "SwipeModelPOCTests" */;
			buildPhases = (
				18C1042923FD4EEE00CD4F64 /* Sources */,
				18C1042A23FD4EEE00CD4F64 /* Frameworks */,
				18C1042B23FD4EEE00CD4F64 /* Resources */,
			);
			buildRules = (
			);
			dependencies = (
				18C1042F23FD4EEE00CD4F64 /* PBXTargetDependency */,
			);
			name = SwipeModelPOCTests;
			productName = SwipeModelPOCTests;
			productReference = 18C1042D23FD4EEE00CD4F64 /* SwipeModelPOCTests.xctest */;
			productType = "com.apple.product-type.bundle.unit-test";
		};
		18C1043723FD4EEE00CD4F64 /* SwipeModelPOCUITests */ = {
			isa = PBXNativeTarget;
			buildConfigurationList = 18C1044723FD4EEE00CD4F64 /* Build configuration list for PBXNativeTarget "SwipeModelPOCUITests" */;
			buildPhases = (
				18C1043423FD4EEE00CD4F64 /* Sources */,
				18C1043523FD4EEE00CD4F64 /* Frameworks */,
				18C1043623FD4EEE00CD4F64 /* Resources */,
			);
			buildRules = (
			);
			dependencies = (
				18C1043A23FD4EEE00CD4F64 /* PBXTargetDependency */,
			);
			name = SwipeModelPOCUITests;
			productName = SwipeModelPOCUITests;
			productReference = 18C1043823FD4EEE00CD4F64 /* SwipeModelPOCUITests.xctest */;
			productType = "com.apple.product-type.bundle.ui-testing";
		};
/* End PBXNativeTarget section */

/* Begin PBXProject section */
		18C1040C23FD4EEA00CD4F64 /* Project object */ = {
			isa = PBXProject;
			attributes = {
				LastSwiftUpdateCheck = 1130;
				LastUpgradeCheck = 1130;
				ORGANIZATIONNAME = AceQuery;
				TargetAttributes = {
					18C1041323FD4EEA00CD4F64 = {
						CreatedOnToolsVersion = 11.3.1;
					};
					18C1042C23FD4EEE00CD4F64 = {
						CreatedOnToolsVersion = 11.3.1;
						TestTargetID = 18C1041323FD4EEA00CD4F64;
					};
					18C1043723FD4EEE00CD4F64 = {
						CreatedOnToolsVersion = 11.3.1;
						TestTargetID = 18C1041323FD4EEA00CD4F64;
					};
				};
			};
			buildConfigurationList = 18C1040F23FD4EEA00CD4F64 /* Build configuration list for PBXProject "SwipeModelPOC" */;
			compatibilityVersion = "Xcode 9.3";
			developmentRegion = en;
			hasScannedForEncodings = 0;
			knownRegions = (
				en,
				Base,
			);
			mainGroup = 18C1040B23FD4EEA00CD4F64;
			productRefGroup = 18C1041523FD4EEA00CD4F64 /* Products */;
			projectDirPath = "";
			projectRoot = "";
			targets = (
				18C1041323FD4EEA00CD4F64 /* SwipeModelPOC */,
				18C1042C23FD4EEE00CD4F64 /* SwipeModelPOCTests */,
				18C1043723FD4EEE00CD4F64 /* SwipeModelPOCUITests */,
			);
		};
/* End PBXProject section */

/* Begin PBXResourcesBuildPhase section */
		18C1041223FD4EEA00CD4F64 /* Resources */ = {
			isa = PBXResourcesBuildPhase;
			buildActionMask = 2147483647;
			files = (
				18C1042723FD4EEE00CD4F64 /* LaunchScreen.storyboard in Resources */,
				18C1042423FD4EEE00CD4F64 /* Assets.xcassets in Resources */,
				18C1041F23FD4EEA00CD4F64 /* Main.storyboard in Resources */,
			);
			runOnlyForDeploymentPostprocessing = 0;
		};
		18C1042B23FD4EEE00CD4F64 /* Resources */ = {
			isa = PBXResourcesBuildPhase;
			buildActionMask = 2147483647;
			files = (
			);
			runOnlyForDeploymentPostprocessing = 0;
		};
		18C1043623FD4EEE00CD4F64 /* Resources */ = {
			isa = PBXResourcesBuildPhase;
			buildActionMask = 2147483647;
			files = (
			);
			runOnlyForDeploymentPostprocessing = 0;
		};
/* End PBXResourcesBuildPhase section */

/* Begin PBXSourcesBuildPhase section */
		18C1041023FD4EEA00CD4F64 /* Sources */ = {
			isa = PBXSourcesBuildPhase;
			buildActionMask = 2147483647;
			files = (
				18C1041C23FD4EEA00CD4F64 /* ViewController.swift in Sources */,
				18C1042223FD4EEA00CD4F64 /* SwipeModelPOC.xcdatamodeld in Sources */,
				18C1041823FD4EEA00CD4F64 /* AppDelegate.swift in Sources */,
				18C1041A23FD4EEA00CD4F64 /* SceneDelegate.swift in Sources */,
			);
			runOnlyForDeploymentPostprocessing = 0;
		};
		18C1042923FD4EEE00CD4F64 /* Sources */ = {
			isa = PBXSourcesBuildPhase;
			buildActionMask = 2147483647;
			files = (
				18C1043223FD4EEE00CD4F64 /* SwipeModelPOCTests.swift in Sources */,
			);
			runOnlyForDeploymentPostprocessing = 0;
		};
		18C1043423FD4EEE00CD4F64 /* Sources */ = {
			isa = PBXSourcesBuildPhase;
			buildActionMask = 2147483647;
			files = (
				18C1043D23FD4EEE00CD4F64 /* SwipeModelPOCUITests.swift in Sources */,
			);
			runOnlyForDeploymentPostprocessing = 0;
		};
/* End PBXSourcesBuildPhase section */

/* Begin PBXTargetDependency section */
		18C1042F23FD4EEE00CD4F64 /* PBXTargetDependency */ = {
			isa = PBXTargetDependency;
			target = 18C1041323FD4EEA00CD4F64 /* SwipeModelPOC */;
			targetProxy = 18C1042E23FD4EEE00CD4F64 /* PBXContainerItemProxy */;
		};
		18C1043A23FD4EEE00CD4F64 /* PBXTargetDependency */ = {
			isa = PBXTargetDependency;
			target = 18C1041323FD4EEA00CD4F64 /* SwipeModelPOC */;
			targetProxy = 18C1043923FD4EEE00CD4F64 /* PBXContainerItemProxy */;
		};
/* End PBXTargetDependency section */

/* Begin PBXVariantGroup section */
		18C1041D23FD4EEA00CD4F64 /* Main.storyboard */ = {
			isa = PBXVariantGroup;
			children = (
				18C1041E23FD4EEA00CD4F64 /* Base */,
			);
			name = Main.storyboard;
			sourceTree = "<group>";
		};
		18C1042523FD4EEE00CD4F64 /* LaunchScreen.storyboard */ = {
			isa = PBXVariantGroup;
			children = (
				18C1042623FD4EEE00CD4F64 /* Base */,
			);
			name = LaunchScreen.storyboard;
			sourceTree = "<group>";
		};
/* End PBXVariantGroup section */

/* Begin XCBuildConfiguration section */
		18C1043F23FD4EEE00CD4F64 /* Debug */ = {
			isa = XCBuildConfiguration;
			buildSettings = {
				ALWAYS_SEARCH_USER_PATHS = NO;
				CLANG_ANALYZER_NONNULL = YES;
				CLANG_ANALYZER_NUMBER_OBJECT_CONVERSION = YES_AGGRESSIVE;
				CLANG_CXX_LANGUAGE_STANDARD = "gnu++14";
				CLANG_CXX_LIBRARY = "libc++";
				CLANG_ENABLE_MODULES = YES;
				CLANG_ENABLE_OBJC_ARC = YES;
				CLANG_ENABLE_OBJC_WEAK = YES;
				CLANG_WARN_BLOCK_CAPTURE_AUTORELEASING = YES;
				CLANG_WARN_BOOL_CONVERSION = YES;
				CLANG_WARN_COMMA = YES;
				CLANG_WARN_CONSTANT_CONVERSION = YES;
				CLANG_WARN_DEPRECATED_OBJC_IMPLEMENTATIONS = YES;
				CLANG_WARN_DIRECT_OBJC_ISA_USAGE = YES_ERROR;
				CLANG_WARN_DOCUMENTATION_COMMENTS = YES;
				CLANG_WARN_EMPTY_BODY = YES;
				CLANG_WARN_ENUM_CONVERSION = YES;
				CLANG_WARN_INFINITE_RECURSION = YES;
				CLANG_WARN_INT_CONVERSION = YES;
				CLANG_WARN_NON_LITERAL_NULL_CONVERSION = YES;
				CLANG_WARN_OBJC_IMPLICIT_RETAIN_SELF = YES;
				CLANG_WARN_OBJC_LITERAL_CONVERSION = YES;
				CLANG_WARN_OBJC_ROOT_CLASS = YES_ERROR;
				CLANG_WARN_RANGE_LOOP_ANALYSIS = YES;
				CLANG_WARN_STRICT_PROTOTYPES = YES;
				CLANG_WARN_SUSPICIOUS_MOVE = YES;
				CLANG_WARN_UNGUARDED_AVAILABILITY = YES_AGGRESSIVE;
				CLANG_WARN_UNREACHABLE_CODE = YES;
				CLANG_WARN__DUPLICATE_METHOD_MATCH = YES;
				COPY_PHASE_STRIP = NO;
				DEBUG_INFORMATION_FORMAT = dwarf;
				ENABLE_STRICT_OBJC_MSGSEND = YES;
				ENABLE_TESTABILITY = YES;
				GCC_C_LANGUAGE_STANDARD = gnu11;
				GCC_DYNAMIC_NO_PIC = NO;
				GCC_NO_COMMON_BLOCKS = YES;
				GCC_OPTIMIZATION_LEVEL = 0;
				GCC_PREPROCESSOR_DEFINITIONS = (
					"DEBUG=1",
					"$(inherited)",
				);
				GCC_WARN_64_TO_32_BIT_CONVERSION = YES;
				GCC_WARN_ABOUT_RETURN_TYPE = YES_ERROR;
				GCC_WARN_UNDECLARED_SELECTOR = YES;
				GCC_WARN_UNINITIALIZED_AUTOS = YES_AGGRESSIVE;
				GCC_WARN_UNUSED_FUNCTION = YES;
				GCC_WARN_UNUSED_VARIABLE = YES;
				IPHONEOS_DEPLOYMENT_TARGET = 13.2;
				MTL_ENABLE_DEBUG_INFO = INCLUDE_SOURCE;
				MTL_FAST_MATH = YES;
				ONLY_ACTIVE_ARCH = YES;
				SDKROOT = iphoneos;
				SWIFT_ACTIVE_COMPILATION_CONDITIONS = DEBUG;
				SWIFT_OPTIMIZATION_LEVEL = "-Onone";
			};
			name = Debug;
		};
		18C1044023FD4EEE00CD4F64 /* Release */ = {
			isa = XCBuildConfiguration;
			buildSettings = {
				ALWAYS_SEARCH_USER_PATHS = NO;
				CLANG_ANALYZER_NONNULL = YES;
				CLANG_ANALYZER_NUMBER_OBJECT_CONVERSION = YES_AGGRESSIVE;
				CLANG_CXX_LANGUAGE_STANDARD = "gnu++14";
				CLANG_CXX_LIBRARY = "libc++";
				CLANG_ENABLE_MODULES = YES;
				CLANG_ENABLE_OBJC_ARC = YES;
				CLANG_ENABLE_OBJC_WEAK = YES;
				CLANG_WARN_BLOCK_CAPTURE_AUTORELEASING = YES;
				CLANG_WARN_BOOL_CONVERSION = YES;
				CLANG_WARN_COMMA = YES;
				CLANG_WARN_CONSTANT_CONVERSION = YES;
				CLANG_WARN_DEPRECATED_OBJC_IMPLEMENTATIONS = YES;
				CLANG_WARN_DIRECT_OBJC_ISA_USAGE = YES_ERROR;
				CLANG_WARN_DOCUMENTATION_COMMENTS = YES;
				CLANG_WARN_EMPTY_BODY = YES;
				CLANG_WARN_ENUM_CONVERSION = YES;
				CLANG_WARN_INFINITE_RECURSION = YES;
				CLANG_WARN_INT_CONVERSION = YES;
				CLANG_WARN_NON_LITERAL_NULL_CONVERSION = YES;
				CLANG_WARN_OBJC_IMPLICIT_RETAIN_SELF = YES;
				CLANG_WARN_OBJC_LITERAL_CONVERSION = YES;
				CLANG_WARN_OBJC_ROOT_CLASS = YES_ERROR;
				CLANG_WARN_RANGE_LOOP_ANALYSIS = YES;
				CLANG_WARN_STRICT_PROTOTYPES = YES;
				CLANG_WARN_SUSPICIOUS_MOVE = YES;
				CLANG_WARN_UNGUARDED_AVAILABILITY = YES_AGGRESSIVE;
				CLANG_WARN_UNREACHABLE_CODE = YES;
				CLANG_WARN__DUPLICATE_METHOD_MATCH = YES;
				COPY_PHASE_STRIP = NO;
				DEBUG_INFORMATION_FORMAT = "dwarf-with-dsym";
				ENABLE_NS_ASSERTIONS = NO;
				ENABLE_STRICT_OBJC_MSGSEND = YES;
				GCC_C_LANGUAGE_STANDARD = gnu11;
				GCC_NO_COMMON_BLOCKS = YES;
				GCC_WARN_64_TO_32_BIT_CONVERSION = YES;
				GCC_WARN_ABOUT_RETURN_TYPE = YES_ERROR;
				GCC_WARN_UNDECLARED_SELECTOR = YES;
				GCC_WARN_UNINITIALIZED_AUTOS = YES_AGGRESSIVE;
				GCC_WARN_UNUSED_FUNCTION = YES;
				GCC_WARN_UNUSED_VARIABLE = YES;
				IPHONEOS_DEPLOYMENT_TARGET = 13.2;
				MTL_ENABLE_DEBUG_INFO = NO;
				MTL_FAST_MATH = YES;
				SDKROOT = iphoneos;
				SWIFT_COMPILATION_MODE = wholemodule;
				SWIFT_OPTIMIZATION_LEVEL = "-O";
				VALIDATE_PRODUCT = YES;
			};
			name = Release;
		};
		18C1044223FD4EEE00CD4F64 /* Debug */ = {
			isa = XCBuildConfiguration;
			buildSettings = {
				ASSETCATALOG_COMPILER_APPICON_NAME = AppIcon;
				CODE_SIGN_STYLE = Automatic;
				DEVELOPMENT_TEAM = X64KFLXG3H;
				INFOPLIST_FILE = SwipeModelPOC/Info.plist;
				LD_RUNPATH_SEARCH_PATHS = (
					"$(inherited)",
					"@executable_path/Frameworks",
				);
				PRODUCT_BUNDLE_IDENTIFIER = com.nutdanai.vankrua.SwipeModelPOC;
				PRODUCT_NAME = "$(TARGET_NAME)";
				SWIFT_VERSION = 5.0;
				TARGETED_DEVICE_FAMILY = "1,2";
			};
			name = Debug;
		};
		18C1044323FD4EEE00CD4F64 /* Release */ = {
			isa = XCBuildConfiguration;
			buildSettings = {
				ASSETCATALOG_COMPILER_APPICON_NAME = AppIcon;
				CODE_SIGN_STYLE = Automatic;
				DEVELOPMENT_TEAM = X64KFLXG3H;
				INFOPLIST_FILE = SwipeModelPOC/Info.plist;
				LD_RUNPATH_SEARCH_PATHS = (
					"$(inherited)",
					"@executable_path/Frameworks",
				);
				PRODUCT_BUNDLE_IDENTIFIER = com.nutdanai.vankrua.SwipeModelPOC;
				PRODUCT_NAME = "$(TARGET_NAME)";
				SWIFT_VERSION = 5.0;
				TARGETED_DEVICE_FAMILY = "1,2";
			};
			name = Release;
		};
		18C1044523FD4EEE00CD4F64 /* Debug */ = {
			isa = XCBuildConfiguration;
			buildSettings = {
				ALWAYS_EMBED_SWIFT_STANDARD_LIBRARIES = YES;
				BUNDLE_LOADER = "$(TEST_HOST)";
				CODE_SIGN_STYLE = Automatic;
				DEVELOPMENT_TEAM = X64KFLXG3H;
				INFOPLIST_FILE = SwipeModelPOCTests/Info.plist;
				IPHONEOS_DEPLOYMENT_TARGET = 13.2;
				LD_RUNPATH_SEARCH_PATHS = (
					"$(inherited)",
					"@executable_path/Frameworks",
					"@loader_path/Frameworks",
				);
				PRODUCT_BUNDLE_IDENTIFIER = com.nutdanai.vankrua.SwipeModelPOCTests;
				PRODUCT_NAME = "$(TARGET_NAME)";
				SWIFT_VERSION = 5.0;
				TARGETED_DEVICE_FAMILY = "1,2";
				TEST_HOST = "$(BUILT_PRODUCTS_DIR)/SwipeModelPOC.app/SwipeModelPOC";
			};
			name = Debug;
		};
		18C1044623FD4EEE00CD4F64 /* Release */ = {
			isa = XCBuildConfiguration;
			buildSettings = {
				ALWAYS_EMBED_SWIFT_STANDARD_LIBRARIES = YES;
				BUNDLE_LOADER = "$(TEST_HOST)";
				CODE_SIGN_STYLE = Automatic;
				DEVELOPMENT_TEAM = X64KFLXG3H;
				INFOPLIST_FILE = SwipeModelPOCTests/Info.plist;
				IPHONEOS_DEPLOYMENT_TARGET = 13.2;
				LD_RUNPATH_SEARCH_PATHS = (
					"$(inherited)",
					"@executable_path/Frameworks",
					"@loader_path/Frameworks",
				);
				PRODUCT_BUNDLE_IDENTIFIER = com.nutdanai.vankrua.SwipeModelPOCTests;
				PRODUCT_NAME = "$(TARGET_NAME)";
				SWIFT_VERSION = 5.0;
				TARGETED_DEVICE_FAMILY = "1,2";
				TEST_HOST = "$(BUILT_PRODUCTS_DIR)/SwipeModelPOC.app/SwipeModelPOC";
			};
			name = Release;
		};
		18C1044823FD4EEE00CD4F64 /* Debug */ = {
			isa = XCBuildConfiguration;
			buildSettings = {
				ALWAYS_EMBED_SWIFT_STANDARD_LIBRARIES = YES;
				CODE_SIGN_STYLE = Automatic;
				DEVELOPMENT_TEAM = X64KFLXG3H;
				INFOPLIST_FILE = SwipeModelPOCUITests/Info.plist;
				LD_RUNPATH_SEARCH_PATHS = (
					"$(inherited)",
					"@executable_path/Frameworks",
					"@loader_path/Frameworks",
				);
				PRODUCT_BUNDLE_IDENTIFIER = com.nutdanai.vankrua.SwipeModelPOCUITests;
				PRODUCT_NAME = "$(TARGET_NAME)";
				SWIFT_VERSION = 5.0;
				TARGETED_DEVICE_FAMILY = "1,2";
				TEST_TARGET_NAME = SwipeModelPOC;
			};
			name = Debug;
		};
		18C1044923FD4EEE00CD4F64 /* Release */ = {
			isa = XCBuildConfiguration;
			buildSettings = {
				ALWAYS_EMBED_SWIFT_STANDARD_LIBRARIES = YES;
				CODE_SIGN_STYLE = Automatic;
				DEVELOPMENT_TEAM = X64KFLXG3H;
				INFOPLIST_FILE = SwipeModelPOCUITests/Info.plist;
				LD_RUNPATH_SEARCH_PATHS = (
					"$(inherited)",
					"@executable_path/Frameworks",
					"@loader_path/Frameworks",
				);
				PRODUCT_BUNDLE_IDENTIFIER = com.nutdanai.vankrua.SwipeModelPOCUITests;
				PRODUCT_NAME = "$(TARGET_NAME)";
				SWIFT_VERSION = 5.0;
				TARGETED_DEVICE_FAMILY = "1,2";
				TEST_TARGET_NAME = SwipeModelPOC;
			};
			name = Release;
		};
/* End XCBuildConfiguration section */

/* Begin XCConfigurationList section */
		18C1040F23FD4EEA00CD4F64 /* Build configuration list for PBXProject "SwipeModelPOC" */ = {
			isa = XCConfigurationList;
			buildConfigurations = (
				18C1043F23FD4EEE00CD4F64 /* Debug */,
				18C1044023FD4EEE00CD4F64 /* Release */,
			);
			defaultConfigurationIsVisible = 0;
			defaultConfigurationName = Release;
		};
		18C1044123FD4EEE00CD4F64 /* Build configuration list for PBXNativeTarget "SwipeModelPOC" */ = {
			isa = XCConfigurationList;
			buildConfigurations = (
				18C1044223FD4EEE00CD4F64 /* Debug */,
				18C1044323FD4EEE00CD4F64 /* Release */,
			);
			defaultConfigurationIsVisible = 0;
			defaultConfigurationName = Release;
		};
		18C1044423FD4EEE00CD4F64 /* Build configuration list for PBXNativeTarget "SwipeModelPOCTests" */ = {
			isa = XCConfigurationList;
			buildConfigurations = (
				18C1044523FD4EEE00CD4F64 /* Debug */,
				18C1044623FD4EEE00CD4F64 /* Release */,
			);
			defaultConfigurationIsVisible = 0;
			defaultConfigurationName = Release;
		};
		18C1044723FD4EEE00CD4F64 /* Build configuration list for PBXNativeTarget "SwipeModelPOCUITests" */ = {
			isa = XCConfigurationList;
			buildConfigurations = (
				18C1044823FD4EEE00CD4F64 /* Debug */,
				18C1044923FD4EEE00CD4F64 /* Release */,
			);
			defaultConfigurationIsVisible = 0;
			defaultConfigurationName = Release;
		};
/* End XCConfigurationList section */

/* Begin XCVersionGroup section */
		18C1042023FD4EEA00CD4F64 /* SwipeModelPOC.xcdatamodeld */ = {
			isa = XCVersionGroup;
			children = (
				18C1042123FD4EEA00CD4F64 /* SwipeModelPOC.xcdatamodel */,
			);
			currentVersion = 18C1042123FD4EEA00CD4F64 /* SwipeModelPOC.xcdatamodel */;
			path = SwipeModelPOC.xcdatamodeld;
			sourceTree = "<group>";
			versionGroupType = wrapper.xcdatamodel;
		};
/* End XCVersionGroup section */
	};
	rootObject = 18C1040C23FD4EEA00CD4F64 /* Project object */;
}
